
Microsoft Visual Studio Solution File, Format Version 12.00
# Visual Studio Version 16
VisualStudioVersion = 16.0.30523.141
MinimumVisualStudioVersion = 10.0.40219.1
Project("{FAE04EC0-301F-11D3-BF4B-00C04F79EFBC}") = "PresentationLayer", "PresentationLayer\PresentationLayer.csproj", "{4615B940-ACC3-4707-B31A-4BE52E5948B3}"
EndProject
Project("{FAE04EC0-301F-11D3-BF4B-00C04F79EFBC}") = "DataLayer", "DataLayer\DataLayer.csproj", "{32B26AF6-F70B-4021-B151-7D8F012FD8BB}"
EndProject
Project("{FAE04EC0-301F-11D3-BF4B-00C04F79EFBC}") = "BusinessLayer", "BusinessLayer\BusinessLayer.csproj", "{00B50650-A019-47EE-90E8-8E342D2A89D0}"
EndProject
Global
	GlobalSection(SolutionConfigurationPlatforms) = preSolution
		Debug|Any CPU = Debug|Any CPU
		Release|Any CPU = Release|Any CPU
	EndGlobalSection
	GlobalSection(ProjectConfigurationPlatforms) = postSolution
		{4615B940-ACC3-4707-B31A-4BE52E5948B3}.Debug|Any CPU.ActiveCfg = Debug|Any CPU
		{4615B940-ACC3-4707-B31A-4BE52E5948B3}.Debug|Any CPU.Build.0 = Debug|Any CPU
		{4615B940-ACC3-4707-B31A-4BE52E5948B3}.Release|Any CPU.ActiveCfg = Release|Any CPU
		{4615B940-ACC3-4707-B31A-4BE52E5948B3}.Release|Any CPU.Build.0 = Release|Any CPU
		{32B26AF6-F70B-4021-B151-7D8F012FD8BB}.Debug|Any CPU.ActiveCfg = Debug|Any CPU
		{32B26AF6-F70B-4021-B151-7D8F012FD8BB}.Debug|Any CPU.Build.0 = Debug|Any CPU
		{32B26AF6-F70B-4021-B151-7D8F012FD8BB}.Release|Any CPU.ActiveCfg = Release|Any CPU
		{32B26AF6-F70B-4021-B151-7D8F012FD8BB}.Release|Any CPU.Build.0 = Release|Any CPU
		{00B50650-A019-47EE-90E8-8E342D2A89D0}.Debug|Any CPU.ActiveCfg = Debug|Any CPU
		{00B50650-A019-47EE-90E8-8E342D2A89D0}.Debug|Any CPU.Build.0 = Debug|Any CPU
		{00B50650-A019-47EE-90E8-8E342D2A89D0}.Release|Any CPU.ActiveCfg = Release|Any CPU
		{00B50650-A019-47EE-90E8-8E342D2A89D0}.Release|Any CPU.Build.0 = Release|Any CPU
	EndGlobalSection
	GlobalSection(SolutionProperties) = preSolution
		HideSolutionNode = FALSE
	EndGlobalSection
	GlobalSection(ExtensibilityGlobals) = postSolution
		SolutionGuid = {9FA4F0FC-B1F3-4EEA-A990-B27F2548F366}
	EndGlobalSection
EndGlobal
